// !$*UTF8*$!
{
	archiveVersion = 1;
	classes = {
	};
	objectVersion = 51;
	objects = {

/* Begin PBXBuildFile section */
		5616536023CD130200713274 /* PopUpViewController.swift in Sources */ = {isa = PBXBuildFile; fileRef = 5616535F23CD130200713274 /* PopUpViewController.swift */; };
		5618872223CAD7DA00D3D61F /* SF-UI-Display-Medium.otf in Resources */ = {isa = PBXBuildFile; fileRef = 5618872123CAD7DA00D3D61F /* SF-UI-Display-Medium.otf */; };
		5629131923CE37EF008ECF28 /* DBManagerTest.swift in Sources */ = {isa = PBXBuildFile; fileRef = 5629131723CE37EF008ECF28 /* DBManagerTest.swift */; };
		5653704D23C8F11900466201 /* AppDelegate.swift in Sources */ = {isa = PBXBuildFile; fileRef = 5653704C23C8F11900466201 /* AppDelegate.swift */; };
		5653704F23C8F11900466201 /* ViewController.swift in Sources */ = {isa = PBXBuildFile; fileRef = 5653704E23C8F11900466201 /* ViewController.swift */; };
		5653705223C8F11900466201 /* Main.storyboard in Resources */ = {isa = PBXBuildFile; fileRef = 5653705023C8F11900466201 /* Main.storyboard */; };
		5653705523C8F11900466201 /* Coredata_Sample.xcdatamodeld in Sources */ = {isa = PBXBuildFile; fileRef = 5653705323C8F11900466201 /* Coredata_Sample.xcdatamodeld */; };
		5653705723C8F11A00466201 /* Assets.xcassets in Resources */ = {isa = PBXBuildFile; fileRef = 5653705623C8F11A00466201 /* Assets.xcassets */; };
		5653705A23C8F11B00466201 /* LaunchScreen.storyboard in Resources */ = {isa = PBXBuildFile; fileRef = 5653705823C8F11B00466201 /* LaunchScreen.storyboard */; };
		5653706523C8F11B00466201 /* ViewControllerTests.swift in Sources */ = {isa = PBXBuildFile; fileRef = 5653706423C8F11B00466201 /* ViewControllerTests.swift */; };
		5653707023C8F11B00466201 /* AddDogListVCUITests.swift in Sources */ = {isa = PBXBuildFile; fileRef = 5653706F23C8F11B00466201 /* AddDogListVCUITests.swift */; };
		5653707E23C8F5EA00466201 /* AddDogListViewController.swift in Sources */ = {isa = PBXBuildFile; fileRef = 5653707D23C8F5EA00466201 /* AddDogListViewController.swift */; };
		5653708023C905A100466201 /* CustomTableViewCell.swift in Sources */ = {isa = PBXBuildFile; fileRef = 5653707F23C905A000466201 /* CustomTableViewCell.swift */; };
		566F802F23C9297B004271F9 /* DogList+CoreDataClass.swift in Sources */ = {isa = PBXBuildFile; fileRef = 566F802D23C9297B004271F9 /* DogList+CoreDataClass.swift */; };
		566F803023C9297B004271F9 /* DogList+CoreDataProperties.swift in Sources */ = {isa = PBXBuildFile; fileRef = 566F802E23C9297B004271F9 /* DogList+CoreDataProperties.swift */; };
		566F803623C96876004271F9 /* icn-add-photo@3x.png in Resources */ = {isa = PBXBuildFile; fileRef = 566F803423C96876004271F9 /* icn-add-photo@3x.png */; };
		566F803723C96876004271F9 /* icn-add-photo@2x.png in Resources */ = {isa = PBXBuildFile; fileRef = 566F803523C96876004271F9 /* icn-add-photo@2x.png */; };
		56BFB45423C923BD00BE7430 /* DBManager.swift in Sources */ = {isa = PBXBuildFile; fileRef = 56BFB45323C923BD00BE7430 /* DBManager.swift */; };
		B32B934E0DA0F47489404B83 /* Pods_Coredata_SampleTests.framework in Frameworks */ = {isa = PBXBuildFile; fileRef = B30EF27BAE0FE1F861A4F6A1 /* Pods_Coredata_SampleTests.framework */; };
		BF00F6C2594004376299CD48 /* Pods_Coredata_Sample.framework in Frameworks */ = {isa = PBXBuildFile; fileRef = 2F704B9941A0B5033F894C7D /* Pods_Coredata_Sample.framework */; };
		ECCA5BC4BD4D4CFC91BE0270 /* Pods_Coredata_Sample_Coredata_SampleUITests.framework in Frameworks */ = {isa = PBXBuildFile; fileRef = 4D7041F9AFB43CBC0A90B12F /* Pods_Coredata_Sample_Coredata_SampleUITests.framework */; };
/* End PBXBuildFile section */

/* Begin PBXContainerItemProxy section */
		5653706123C8F11B00466201 /* PBXContainerItemProxy */ = {
			isa = PBXContainerItemProxy;
			containerPortal = 5653704123C8F11900466201 /* Project object */;
			proxyType = 1;
			remoteGlobalIDString = 5653704823C8F11900466201;
			remoteInfo = "Coredata Sample";
		};
		5653706C23C8F11B00466201 /* PBXContainerItemProxy */ = {
			isa = PBXContainerItemProxy;
			containerPortal = 5653704123C8F11900466201 /* Project object */;
			proxyType = 1;
			remoteGlobalIDString = 5653704823C8F11900466201;
			remoteInfo = "Coredata Sample";
		};
/* End PBXContainerItemProxy section */

/* Begin PBXFileReference section */
		01FE49109DF88B2776A3C749 /* Pods-Coredata SampleTests.debug.xcconfig */ = {isa = PBXFileReference; includeInIndex = 1; lastKnownFileType = text.xcconfig; name = "Pods-Coredata SampleTests.debug.xcconfig"; path = "Target Support Files/Pods-Coredata SampleTests/Pods-Coredata SampleTests.debug.xcconfig"; sourceTree = "<group>"; };
		29533917634B70E53A313305 /* Pods-Coredata SampleTests.release.xcconfig */ = {isa = PBXFileReference; includeInIndex = 1; lastKnownFileType = text.xcconfig; name = "Pods-Coredata SampleTests.release.xcconfig"; path = "Target Support Files/Pods-Coredata SampleTests/Pods-Coredata SampleTests.release.xcconfig"; sourceTree = "<group>"; };
		2F704B9941A0B5033F894C7D /* Pods_Coredata_Sample.framework */ = {isa = PBXFileReference; explicitFileType = wrapper.framework; includeInIndex = 0; path = Pods_Coredata_Sample.framework; sourceTree = BUILT_PRODUCTS_DIR; };
		4D7041F9AFB43CBC0A90B12F /* Pods_Coredata_Sample_Coredata_SampleUITests.framework */ = {isa = PBXFileReference; explicitFileType = wrapper.framework; includeInIndex = 0; path = Pods_Coredata_Sample_Coredata_SampleUITests.framework; sourceTree = BUILT_PRODUCTS_DIR; };
		5616535F23CD130200713274 /* PopUpViewController.swift */ = {isa = PBXFileReference; lastKnownFileType = sourcecode.swift; path = PopUpViewController.swift; sourceTree = "<group>"; };
		5618872123CAD7DA00D3D61F /* SF-UI-Display-Medium.otf */ = {isa = PBXFileReference; lastKnownFileType = file; path = "SF-UI-Display-Medium.otf"; sourceTree = "<group>"; };
		5629131723CE37EF008ECF28 /* DBManagerTest.swift */ = {isa = PBXFileReference; lastKnownFileType = sourcecode.swift; path = DBManagerTest.swift; sourceTree = "<group>"; };
		5653704923C8F11900466201 /* Coredata Sample.app */ = {isa = PBXFileReference; explicitFileType = wrapper.application; includeInIndex = 0; path = "Coredata Sample.app"; sourceTree = BUILT_PRODUCTS_DIR; };
		5653704C23C8F11900466201 /* AppDelegate.swift */ = {isa = PBXFileReference; lastKnownFileType = sourcecode.swift; path = AppDelegate.swift; sourceTree = "<group>"; };
		5653704E23C8F11900466201 /* ViewController.swift */ = {isa = PBXFileReference; lastKnownFileType = sourcecode.swift; path = ViewController.swift; sourceTree = "<group>"; };
		5653705123C8F11900466201 /* Base */ = {isa = PBXFileReference; lastKnownFileType = file.storyboard; name = Base; path = Base.lproj/Main.storyboard; sourceTree = "<group>"; };
		5653705423C8F11900466201 /* Coredata_Sample.xcdatamodel */ = {isa = PBXFileReference; lastKnownFileType = wrapper.xcdatamodel; path = Coredata_Sample.xcdatamodel; sourceTree = "<group>"; };
		5653705623C8F11A00466201 /* Assets.xcassets */ = {isa = PBXFileReference; lastKnownFileType = folder.assetcatalog; path = Assets.xcassets; sourceTree = "<group>"; };
		5653705923C8F11B00466201 /* Base */ = {isa = PBXFileReference; lastKnownFileType = file.storyboard; name = Base; path = Base.lproj/LaunchScreen.storyboard; sourceTree = "<group>"; };
		5653705B23C8F11B00466201 /* Info.plist */ = {isa = PBXFileReference; lastKnownFileType = text.plist.xml; path = Info.plist; sourceTree = "<group>"; };
		5653706023C8F11B00466201 /* Coredata SampleTests.xctest */ = {isa = PBXFileReference; explicitFileType = wrapper.cfbundle; includeInIndex = 0; path = "Coredata SampleTests.xctest"; sourceTree = BUILT_PRODUCTS_DIR; };
		5653706423C8F11B00466201 /* ViewControllerTests.swift */ = {isa = PBXFileReference; lastKnownFileType = sourcecode.swift; path = ViewControllerTests.swift; sourceTree = "<group>"; };
		5653706623C8F11B00466201 /* Info.plist */ = {isa = PBXFileReference; lastKnownFileType = text.plist.xml; path = Info.plist; sourceTree = "<group>"; };
		5653706B23C8F11B00466201 /* Coredata SampleUITests.xctest */ = {isa = PBXFileReference; explicitFileType = wrapper.cfbundle; includeInIndex = 0; path = "Coredata SampleUITests.xctest"; sourceTree = BUILT_PRODUCTS_DIR; };
		5653706F23C8F11B00466201 /* AddDogListVCUITests.swift */ = {isa = PBXFileReference; lastKnownFileType = sourcecode.swift; path = AddDogListVCUITests.swift; sourceTree = "<group>"; };
		5653707123C8F11B00466201 /* Info.plist */ = {isa = PBXFileReference; lastKnownFileType = text.plist.xml; path = Info.plist; sourceTree = "<group>"; };
		5653707D23C8F5EA00466201 /* AddDogListViewController.swift */ = {isa = PBXFileReference; lastKnownFileType = sourcecode.swift; path = AddDogListViewController.swift; sourceTree = "<group>"; };
		5653707F23C905A000466201 /* CustomTableViewCell.swift */ = {isa = PBXFileReference; fileEncoding = 4; lastKnownFileType = sourcecode.swift; path = CustomTableViewCell.swift; sourceTree = "<group>"; };
		566F802D23C9297B004271F9 /* DogList+CoreDataClass.swift */ = {isa = PBXFileReference; lastKnownFileType = sourcecode.swift; name = "DogList+CoreDataClass.swift"; path = "Coredata Sample/DogList+CoreDataClass.swift"; sourceTree = "<group>"; };
		566F802E23C9297B004271F9 /* DogList+CoreDataProperties.swift */ = {isa = PBXFileReference; lastKnownFileType = sourcecode.swift; name = "DogList+CoreDataProperties.swift"; path = "Coredata Sample/DogList+CoreDataProperties.swift"; sourceTree = "<group>"; };
		566F803423C96876004271F9 /* icn-add-photo@3x.png */ = {isa = PBXFileReference; lastKnownFileType = image.png; path = "icn-add-photo@3x.png"; sourceTree = "<group>"; };
		566F803523C96876004271F9 /* icn-add-photo@2x.png */ = {isa = PBXFileReference; lastKnownFileType = image.png; path = "icn-add-photo@2x.png"; sourceTree = "<group>"; };
		56BFB45323C923BD00BE7430 /* DBManager.swift */ = {isa = PBXFileReference; fileEncoding = 4; lastKnownFileType = sourcecode.swift; path = DBManager.swift; sourceTree = "<group>"; };
		96A84B8A30602F0BA056176B /* Pods-Coredata Sample-Coredata SampleUITests.debug.xcconfig */ = {isa = PBXFileReference; includeInIndex = 1; lastKnownFileType = text.xcconfig; name = "Pods-Coredata Sample-Coredata SampleUITests.debug.xcconfig"; path = "Target Support Files/Pods-Coredata Sample-Coredata SampleUITests/Pods-Coredata Sample-Coredata SampleUITests.debug.xcconfig"; sourceTree = "<group>"; };
		B30EF27BAE0FE1F861A4F6A1 /* Pods_Coredata_SampleTests.framework */ = {isa = PBXFileReference; explicitFileType = wrapper.framework; includeInIndex = 0; path = Pods_Coredata_SampleTests.framework; sourceTree = BUILT_PRODUCTS_DIR; };
		B4139EDEF9FC5D4DB59C8CE3 /* Pods-Coredata Sample.release.xcconfig */ = {isa = PBXFileReference; includeInIndex = 1; lastKnownFileType = text.xcconfig; name = "Pods-Coredata Sample.release.xcconfig"; path = "Target Support Files/Pods-Coredata Sample/Pods-Coredata Sample.release.xcconfig"; sourceTree = "<group>"; };
		F794DC17654F6A9C8C2A10C2 /* Pods-Coredata Sample.debug.xcconfig */ = {isa = PBXFileReference; includeInIndex = 1; lastKnownFileType = text.xcconfig; name = "Pods-Coredata Sample.debug.xcconfig"; path = "Target Support Files/Pods-Coredata Sample/Pods-Coredata Sample.debug.xcconfig"; sourceTree = "<group>"; };
		FC992EC974CC9AE2E8BD5695 /* Pods-Coredata Sample-Coredata SampleUITests.release.xcconfig */ = {isa = PBXFileReference; includeInIndex = 1; lastKnownFileType = text.xcconfig; name = "Pods-Coredata Sample-Coredata SampleUITests.release.xcconfig"; path = "Target Support Files/Pods-Coredata Sample-Coredata SampleUITests/Pods-Coredata Sample-Coredata SampleUITests.release.xcconfig"; sourceTree = "<group>"; };
/* End PBXFileReference section */

/* Begin PBXFrameworksBuildPhase section */
		5653704623C8F11900466201 /* Frameworks */ = {
			isa = PBXFrameworksBuildPhase;
			buildActionMask = 2147483647;
			files = (
				BF00F6C2594004376299CD48 /* Pods_Coredata_Sample.framework in Frameworks */,
			);
			runOnlyForDeploymentPostprocessing = 0;
		};
		5653705D23C8F11B00466201 /* Frameworks */ = {
			isa = PBXFrameworksBuildPhase;
			buildActionMask = 2147483647;
			files = (
				B32B934E0DA0F47489404B83 /* Pods_Coredata_SampleTests.framework in Frameworks */,
			);
			runOnlyForDeploymentPostprocessing = 0;
		};
		5653706823C8F11B00466201 /* Frameworks */ = {
			isa = PBXFrameworksBuildPhase;
			buildActionMask = 2147483647;
			files = (
				ECCA5BC4BD4D4CFC91BE0270 /* Pods_Coredata_Sample_Coredata_SampleUITests.framework in Frameworks */,
			);
			runOnlyForDeploymentPostprocessing = 0;
		};
/* End PBXFrameworksBuildPhase section */

/* Begin PBXGroup section */
		203AB1BBAB50B1706EA1E15E /* Frameworks */ = {
			isa = PBXGroup;
			children = (
				2F704B9941A0B5033F894C7D /* Pods_Coredata_Sample.framework */,
				4D7041F9AFB43CBC0A90B12F /* Pods_Coredata_Sample_Coredata_SampleUITests.framework */,
				B30EF27BAE0FE1F861A4F6A1 /* Pods_Coredata_SampleTests.framework */,
			);
			name = Frameworks;
			sourceTree = "<group>";
		};
		4B5D025B12BA4D5567D88F44 /* Pods */ = {
			isa = PBXGroup;
			children = (
				F794DC17654F6A9C8C2A10C2 /* Pods-Coredata Sample.debug.xcconfig */,
				B4139EDEF9FC5D4DB59C8CE3 /* Pods-Coredata Sample.release.xcconfig */,
				96A84B8A30602F0BA056176B /* Pods-Coredata Sample-Coredata SampleUITests.debug.xcconfig */,
				FC992EC974CC9AE2E8BD5695 /* Pods-Coredata Sample-Coredata SampleUITests.release.xcconfig */,
				01FE49109DF88B2776A3C749 /* Pods-Coredata SampleTests.debug.xcconfig */,
				29533917634B70E53A313305 /* Pods-Coredata SampleTests.release.xcconfig */,
			);
			path = Pods;
			sourceTree = "<group>";
		};
		5618871E23CA459B00D3D61F /* Images */ = {
			isa = PBXGroup;
			children = (
				566F803523C96876004271F9 /* icn-add-photo@2x.png */,
				566F803423C96876004271F9 /* icn-add-photo@3x.png */,
			);
			path = Images;
			sourceTree = "<group>";
		};
		5653704023C8F11900466201 = {
			isa = PBXGroup;
			children = (
				566F802D23C9297B004271F9 /* DogList+CoreDataClass.swift */,
				566F802E23C9297B004271F9 /* DogList+CoreDataProperties.swift */,
				5653704B23C8F11900466201 /* Coredata Sample */,
				5653706323C8F11B00466201 /* Coredata SampleTests */,
				5653706E23C8F11B00466201 /* Coredata SampleUITests */,
				5653704A23C8F11900466201 /* Products */,
				4B5D025B12BA4D5567D88F44 /* Pods */,
				203AB1BBAB50B1706EA1E15E /* Frameworks */,
			);
			sourceTree = "<group>";
		};
		5653704A23C8F11900466201 /* Products */ = {
			isa = PBXGroup;
			children = (
				5653704923C8F11900466201 /* Coredata Sample.app */,
				5653706023C8F11B00466201 /* Coredata SampleTests.xctest */,
				5653706B23C8F11B00466201 /* Coredata SampleUITests.xctest */,
			);
			name = Products;
			sourceTree = "<group>";
		};
		5653704B23C8F11900466201 /* Coredata Sample */ = {
			isa = PBXGroup;
			children = (
				566F803323C92DAE004271F9 /* Controller */,
				566F803223C92D6E004271F9 /* Views */,
				566F803123C92D50004271F9 /* CoreDataModel */,
				5653704C23C8F11900466201 /* AppDelegate.swift */,
				5653705623C8F11A00466201 /* Assets.xcassets */,
				5618872123CAD7DA00D3D61F /* SF-UI-Display-Medium.otf */,
				5618871E23CA459B00D3D61F /* Images */,
				5653705B23C8F11B00466201 /* Info.plist */,
				5653705323C8F11900466201 /* Coredata_Sample.xcdatamodeld */,
			);
			path = "Coredata Sample";
			sourceTree = "<group>";
		};
		5653706323C8F11B00466201 /* Coredata SampleTests */ = {
			isa = PBXGroup;
			children = (
				5629131723CE37EF008ECF28 /* DBManagerTest.swift */,
				5653706423C8F11B00466201 /* ViewControllerTests.swift */,
				5653706623C8F11B00466201 /* Info.plist */,
			);
			path = "Coredata SampleTests";
			sourceTree = "<group>";
		};
		5653706E23C8F11B00466201 /* Coredata SampleUITests */ = {
			isa = PBXGroup;
			children = (
				5653706F23C8F11B00466201 /* AddDogListVCUITests.swift */,
				5653707123C8F11B00466201 /* Info.plist */,
			);
			path = "Coredata SampleUITests";
			sourceTree = "<group>";
		};
		566F803123C92D50004271F9 /* CoreDataModel */ = {
			isa = PBXGroup;
			children = (
				56BFB45323C923BD00BE7430 /* DBManager.swift */,
			);
			path = CoreDataModel;
			sourceTree = "<group>";
		};
		566F803223C92D6E004271F9 /* Views */ = {
			isa = PBXGroup;
			children = (
				5653705823C8F11B00466201 /* LaunchScreen.storyboard */,
				5653705023C8F11900466201 /* Main.storyboard */,
				5653707F23C905A000466201 /* CustomTableViewCell.swift */,
			);
			path = Views;
			sourceTree = "<group>";
		};
		566F803323C92DAE004271F9 /* Controller */ = {
			isa = PBXGroup;
			children = (
				5653707D23C8F5EA00466201 /* AddDogListViewController.swift */,
				5653704E23C8F11900466201 /* ViewController.swift */,
				5616535F23CD130200713274 /* PopUpViewController.swift */,
			);
			path = Controller;
			sourceTree = "<group>";
		};
/* End PBXGroup section */

/* Begin PBXNativeTarget section */
		5653704823C8F11900466201 /* Coredata Sample */ = {
			isa = PBXNativeTarget;
			buildConfigurationList = 5653707423C8F11B00466201 /* Build configuration list for PBXNativeTarget "Coredata Sample" */;
			buildPhases = (
				96F8A1D2D437EF016F1823CF /* [CP] Check Pods Manifest.lock */,
				5653704523C8F11900466201 /* Sources */,
				5653704623C8F11900466201 /* Frameworks */,
				5653704723C8F11900466201 /* Resources */,
				87BB1C93D6481C38C97251A6 /* [CP] Embed Pods Frameworks */,
			);
			buildRules = (
			);
			dependencies = (
			);
			name = "Coredata Sample";
			productName = "Coredata Sample";
			productReference = 5653704923C8F11900466201 /* Coredata Sample.app */;
			productType = "com.apple.product-type.application";
		};
		5653705F23C8F11B00466201 /* Coredata SampleTests */ = {
			isa = PBXNativeTarget;
			buildConfigurationList = 5653707723C8F11B00466201 /* Build configuration list for PBXNativeTarget "Coredata SampleTests" */;
			buildPhases = (
				08AE9A770FAC1099D82535C9 /* [CP] Check Pods Manifest.lock */,
				5653705C23C8F11B00466201 /* Sources */,
				5653705D23C8F11B00466201 /* Frameworks */,
				5653705E23C8F11B00466201 /* Resources */,
			);
			buildRules = (
			);
			dependencies = (
				5653706223C8F11B00466201 /* PBXTargetDependency */,
			);
			name = "Coredata SampleTests";
			productName = "Coredata SampleTests";
			productReference = 5653706023C8F11B00466201 /* Coredata SampleTests.xctest */;
			productType = "com.apple.product-type.bundle.unit-test";
		};
		5653706A23C8F11B00466201 /* Coredata SampleUITests */ = {
			isa = PBXNativeTarget;
			buildConfigurationList = 5653707A23C8F11B00466201 /* Build configuration list for PBXNativeTarget "Coredata SampleUITests" */;
			buildPhases = (
				75EB9C5A3B975A6F499E6E69 /* [CP] Check Pods Manifest.lock */,
				5653706723C8F11B00466201 /* Sources */,
				5653706823C8F11B00466201 /* Frameworks */,
				5653706923C8F11B00466201 /* Resources */,
				BC0250E74255ACE856571B32 /* [CP] Embed Pods Frameworks */,
			);
			buildRules = (
			);
			dependencies = (
				5653706D23C8F11B00466201 /* PBXTargetDependency */,
			);
			name = "Coredata SampleUITests";
			productName = "Coredata SampleUITests";
			productReference = 5653706B23C8F11B00466201 /* Coredata SampleUITests.xctest */;
			productType = "com.apple.product-type.bundle.ui-testing";
		};
/* End PBXNativeTarget section */

/* Begin PBXProject section */
		5653704123C8F11900466201 /* Project object */ = {
			isa = PBXProject;
			attributes = {
				LastSwiftUpdateCheck = 1010;
				LastUpgradeCheck = 1010;
				ORGANIZATIONNAME = "gowri anguraj";
				TargetAttributes = {
					5653704823C8F11900466201 = {
						CreatedOnToolsVersion = 10.1;
					};
					5653705F23C8F11B00466201 = {
						CreatedOnToolsVersion = 10.1;
						TestTargetID = 5653704823C8F11900466201;
					};
					5653706A23C8F11B00466201 = {
						CreatedOnToolsVersion = 10.1;
						TestTargetID = 5653704823C8F11900466201;
					};
				};
			};
			buildConfigurationList = 5653704423C8F11900466201 /* Build configuration list for PBXProject "Coredata Sample" */;
			compatibilityVersion = "Xcode 9.3";
			developmentRegion = en;
			hasScannedForEncodings = 0;
			knownRegions = (
				en,
				Base,
			);
			mainGroup = 5653704023C8F11900466201;
			productRefGroup = 5653704A23C8F11900466201 /* Products */;
			projectDirPath = "";
			projectRoot = "";
			targets = (
				5653704823C8F11900466201 /* Coredata Sample */,
				5653705F23C8F11B00466201 /* Coredata SampleTests */,
				5653706A23C8F11B00466201 /* Coredata SampleUITests */,
			);
		};
/* End PBXProject section */

/* Begin PBXResourcesBuildPhase section */
		5653704723C8F11900466201 /* Resources */ = {
			isa = PBXResourcesBuildPhase;
			buildActionMask = 2147483647;
			files = (
				5618872223CAD7DA00D3D61F /* SF-UI-Display-Medium.otf in Resources */,
				5653705A23C8F11B00466201 /* LaunchScreen.storyboard in Resources */,
				566F803623C96876004271F9 /* icn-add-photo@3x.png in Resources */,
				5653705723C8F11A00466201 /* Assets.xcassets in Resources */,
				566F803723C96876004271F9 /* icn-add-photo@2x.png in Resources */,
				5653705223C8F11900466201 /* Main.storyboard in Resources */,
			);
			runOnlyForDeploymentPostprocessing = 0;
		};
		5653705E23C8F11B00466201 /* Resources */ = {
			isa = PBXResourcesBuildPhase;
			buildActionMask = 2147483647;
			files = (
			);
			runOnlyForDeploymentPostprocessing = 0;
		};
		5653706923C8F11B00466201 /* Resources */ = {
			isa = PBXResourcesBuildPhase;
			buildActionMask = 2147483647;
			files = (
			);
			runOnlyForDeploymentPostprocessing = 0;
		};
/* End PBXResourcesBuildPhase section */

/* Begin PBXShellScriptBuildPhase section */
		08AE9A770FAC1099D82535C9 /* [CP] Check Pods Manifest.lock */ = {
			isa = PBXShellScriptBuildPhase;
			buildActionMask = 2147483647;
			files = (
			);
			inputFileListPaths = (
			);
			inputPaths = (
				"${PODS_PODFILE_DIR_PATH}/Podfile.lock",
				"${PODS_ROOT}/Manifest.lock",
			);
			name = "[CP] Check Pods Manifest.lock";
			outputFileListPaths = (
			);
			outputPaths = (
				"$(DERIVED_FILE_DIR)/Pods-Coredata SampleTests-checkManifestLockResult.txt",
			);
			runOnlyForDeploymentPostprocessing = 0;
			shellPath = /bin/sh;
			shellScript = "diff \"${PODS_PODFILE_DIR_PATH}/Podfile.lock\" \"${PODS_ROOT}/Manifest.lock\" > /dev/null\nif [ $? != 0 ] ; then\n    # print error to STDERR\n    echo \"error: The sandbox is not in sync with the Podfile.lock. Run 'pod install' or update your CocoaPods installation.\" >&2\n    exit 1\nfi\n# This output is used by Xcode 'outputs' to avoid re-running this script phase.\necho \"SUCCESS\" > \"${SCRIPT_OUTPUT_FILE_0}\"\n";
			showEnvVarsInLog = 0;
		};
		75EB9C5A3B975A6F499E6E69 /* [CP] Check Pods Manifest.lock */ = {
			isa = PBXShellScriptBuildPhase;
			buildActionMask = 2147483647;
			files = (
			);
			inputFileListPaths = (
			);
			inputPaths = (
				"${PODS_PODFILE_DIR_PATH}/Podfile.lock",
				"${PODS_ROOT}/Manifest.lock",
			);
			name = "[CP] Check Pods Manifest.lock";
			outputFileListPaths = (
			);
			outputPaths = (
				"$(DERIVED_FILE_DIR)/Pods-Coredata Sample-Coredata SampleUITests-checkManifestLockResult.txt",
			);
			runOnlyForDeploymentPostprocessing = 0;
			shellPath = /bin/sh;
			shellScript = "diff \"${PODS_PODFILE_DIR_PATH}/Podfile.lock\" \"${PODS_ROOT}/Manifest.lock\" > /dev/null\nif [ $? != 0 ] ; then\n    # print error to STDERR\n    echo \"error: The sandbox is not in sync with the Podfile.lock. Run 'pod install' or update your CocoaPods installation.\" >&2\n    exit 1\nfi\n# This output is used by Xcode 'outputs' to avoid re-running this script phase.\necho \"SUCCESS\" > \"${SCRIPT_OUTPUT_FILE_0}\"\n";
			showEnvVarsInLog = 0;
		};
		87BB1C93D6481C38C97251A6 /* [CP] Embed Pods Frameworks */ = {
			isa = PBXShellScriptBuildPhase;
			buildActionMask = 2147483647;
			files = (
			);
			inputFileListPaths = (
				"${PODS_ROOT}/Target Support Files/Pods-Coredata Sample/Pods-Coredata Sample-frameworks-${CONFIGURATION}-input-files.xcfilelist",
			);
			name = "[CP] Embed Pods Frameworks";
			outputFileListPaths = (
				"${PODS_ROOT}/Target Support Files/Pods-Coredata Sample/Pods-Coredata Sample-frameworks-${CONFIGURATION}-output-files.xcfilelist",
			);
			runOnlyForDeploymentPostprocessing = 0;
			shellPath = /bin/sh;
			shellScript = "\"${PODS_ROOT}/Target Support Files/Pods-Coredata Sample/Pods-Coredata Sample-frameworks.sh\"\n";
			showEnvVarsInLog = 0;
		};
		96F8A1D2D437EF016F1823CF /* [CP] Check Pods Manifest.lock */ = {
			isa = PBXShellScriptBuildPhase;
			buildActionMask = 2147483647;
			files = (
			);
			inputFileListPaths = (
			);
			inputPaths = (
				"${PODS_PODFILE_DIR_PATH}/Podfile.lock",
				"${PODS_ROOT}/Manifest.lock",
			);
			name = "[CP] Check Pods Manifest.lock";
			outputFileListPaths = (
			);
			outputPaths = (
				"$(DERIVED_FILE_DIR)/Pods-Coredata Sample-checkManifestLockResult.txt",
			);
			runOnlyForDeploymentPostprocessing = 0;
			shellPath = /bin/sh;
			shellScript = "diff \"${PODS_PODFILE_DIR_PATH}/Podfile.lock\" \"${PODS_ROOT}/Manifest.lock\" > /dev/null\nif [ $? != 0 ] ; then\n    # print error to STDERR\n    echo \"error: The sandbox is not in sync with the Podfile.lock. Run 'pod install' or update your CocoaPods installation.\" >&2\n    exit 1\nfi\n# This output is used by Xcode 'outputs' to avoid re-running this script phase.\necho \"SUCCESS\" > \"${SCRIPT_OUTPUT_FILE_0}\"\n";
			showEnvVarsInLog = 0;
		};
		BC0250E74255ACE856571B32 /* [CP] Embed Pods Frameworks */ = {
			isa = PBXShellScriptBuildPhase;
			buildActionMask = 2147483647;
			files = (
			);
			inputFileListPaths = (
				"${PODS_ROOT}/Target Support Files/Pods-Coredata Sample-Coredata SampleUITests/Pods-Coredata Sample-Coredata SampleUITests-frameworks-${CONFIGURATION}-input-files.xcfilelist",
			);
			name = "[CP] Embed Pods Frameworks";
			outputFileListPaths = (
				"${PODS_ROOT}/Target Support Files/Pods-Coredata Sample-Coredata SampleUITests/Pods-Coredata Sample-Coredata SampleUITests-frameworks-${CONFIGURATION}-output-files.xcfilelist",
			);
			runOnlyForDeploymentPostprocessing = 0;
			shellPath = /bin/sh;
			shellScript = "\"${PODS_ROOT}/Target Support Files/Pods-Coredata Sample-Coredata SampleUITests/Pods-Coredata Sample-Coredata SampleUITests-frameworks.sh\"\n";
			showEnvVarsInLog = 0;
		};
/* End PBXShellScriptBuildPhase section */

/* Begin PBXSourcesBuildPhase section */
		5653704523C8F11900466201 /* Sources */ = {
			isa = PBXSourcesBuildPhase;
			buildActionMask = 2147483647;
			files = (
				566F803023C9297B004271F9 /* DogList+CoreDataProperties.swift in Sources */,
				5653704F23C8F11900466201 /* ViewController.swift in Sources */,
				566F802F23C9297B004271F9 /* DogList+CoreDataClass.swift in Sources */,
				5653708023C905A100466201 /* CustomTableViewCell.swift in Sources */,
				56BFB45423C923BD00BE7430 /* DBManager.swift in Sources */,
				5653704D23C8F11900466201 /* AppDelegate.swift in Sources */,
				5653705523C8F11900466201 /* Coredata_Sample.xcdatamodeld in Sources */,
				5616536023CD130200713274 /* PopUpViewController.swift in Sources */,
				5653707E23C8F5EA00466201 /* AddDogListViewController.swift in Sources */,
			);
			runOnlyForDeploymentPostprocessing = 0;
		};
		5653705C23C8F11B00466201 /* Sources */ = {
			isa = PBXSourcesBuildPhase;
			buildActionMask = 2147483647;
			files = (
				5653706523C8F11B00466201 /* ViewControllerTests.swift in Sources */,
				5629131923CE37EF008ECF28 /* DBManagerTest.swift in Sources */,
			);
			runOnlyForDeploymentPostprocessing = 0;
		};
		5653706723C8F11B00466201 /* Sources */ = {
			isa = PBXSourcesBuildPhase;
			buildActionMask = 2147483647;
			files = (
				5653707023C8F11B00466201 /* AddDogListVCUITests.swift in Sources */,
			);
			runOnlyForDeploymentPostprocessing = 0;
		};
/* End PBXSourcesBuildPhase section */

/* Begin PBXTargetDependency section */
		5653706223C8F11B00466201 /* PBXTargetDependency */ = {
			isa = PBXTargetDependency;
			target = 5653704823C8F11900466201 /* Coredata Sample */;
			targetProxy = 5653706123C8F11B00466201 /* PBXContainerItemProxy */;
		};
		5653706D23C8F11B00466201 /* PBXTargetDependency */ = {
			isa = PBXTargetDependency;
			target = 5653704823C8F11900466201 /* Coredata Sample */;
			targetProxy = 5653706C23C8F11B00466201 /* PBXContainerItemProxy */;
		};
/* End PBXTargetDependency section */

/* Begin PBXVariantGroup section */
		5653705023C8F11900466201 /* Main.storyboard */ = {
			isa = PBXVariantGroup;
			children = (
				5653705123C8F11900466201 /* Base */,
			);
			name = Main.storyboard;
			sourceTree = "<group>";
		};
		5653705823C8F11B00466201 /* LaunchScreen.storyboard */ = {
			isa = PBXVariantGroup;
			children = (
				5653705923C8F11B00466201 /* Base */,
			);
			name = LaunchScreen.storyboard;
			sourceTree = "<group>";
		};
/* End PBXVariantGroup section */

/* Begin XCBuildConfiguration section */
		5653707223C8F11B00466201 /* Debug */ = {
			isa = XCBuildConfiguration;
			buildSettings = {
				ALWAYS_SEARCH_USER_PATHS = NO;
				CLANG_ANALYZER_NONNULL = YES;
				CLANG_ANALYZER_NUMBER_OBJECT_CONVERSION = YES_AGGRESSIVE;
				CLANG_CXX_LANGUAGE_STANDARD = "gnu++14";
				CLANG_CXX_LIBRARY = "libc++";
				CLANG_ENABLE_MODULES = YES;
				CLANG_ENABLE_OBJC_ARC = YES;
				CLANG_ENABLE_OBJC_WEAK = YES;
				CLANG_WARN_BLOCK_CAPTURE_AUTORELEASING = YES;
				CLANG_WARN_BOOL_CONVERSION = YES;
				CLANG_WARN_COMMA = YES;
				CLANG_WARN_CONSTANT_CONVERSION = YES;
				CLANG_WARN_DEPRECATED_OBJC_IMPLEMENTATIONS = YES;
				CLANG_WARN_DIRECT_OBJC_ISA_USAGE = YES_ERROR;
				CLANG_WARN_DOCUMENTATION_COMMENTS = YES;
				CLANG_WARN_EMPTY_BODY = YES;
				CLANG_WARN_ENUM_CONVERSION = YES;
				CLANG_WARN_INFINITE_RECURSION = YES;
				CLANG_WARN_INT_CONVERSION = YES;
				CLANG_WARN_NON_LITERAL_NULL_CONVERSION = YES;
				CLANG_WARN_OBJC_IMPLICIT_RETAIN_SELF = YES;
				CLANG_WARN_OBJC_LITERAL_CONVERSION = YES;
				CLANG_WARN_OBJC_ROOT_CLASS = YES_ERROR;
				CLANG_WARN_RANGE_LOOP_ANALYSIS = YES;
				CLANG_WARN_STRICT_PROTOTYPES = YES;
				CLANG_WARN_SUSPICIOUS_MOVE = YES;
				CLANG_WARN_UNGUARDED_AVAILABILITY = YES_AGGRESSIVE;
				CLANG_WARN_UNREACHABLE_CODE = YES;
				CLANG_WARN__DUPLICATE_METHOD_MATCH = YES;
				CODE_SIGN_IDENTITY = "iPhone Developer";
				COPY_PHASE_STRIP = NO;
				DEBUG_INFORMATION_FORMAT = dwarf;
				ENABLE_STRICT_OBJC_MSGSEND = YES;
				ENABLE_TESTABILITY = YES;
				GCC_C_LANGUAGE_STANDARD = gnu11;
				GCC_DYNAMIC_NO_PIC = NO;
				GCC_NO_COMMON_BLOCKS = YES;
				GCC_OPTIMIZATION_LEVEL = 0;
				GCC_PREPROCESSOR_DEFINITIONS = (
					"DEBUG=1",
					"$(inherited)",
				);
				GCC_WARN_64_TO_32_BIT_CONVERSION = YES;
				GCC_WARN_ABOUT_RETURN_TYPE = YES_ERROR;
				GCC_WARN_UNDECLARED_SELECTOR = YES;
				GCC_WARN_UNINITIALIZED_AUTOS = YES_AGGRESSIVE;
				GCC_WARN_UNUSED_FUNCTION = YES;
				GCC_WARN_UNUSED_VARIABLE = YES;
				IPHONEOS_DEPLOYMENT_TARGET = 12.1;
				MTL_ENABLE_DEBUG_INFO = INCLUDE_SOURCE;
				MTL_FAST_MATH = YES;
				ONLY_ACTIVE_ARCH = YES;
				SDKROOT = iphoneos;
				SWIFT_ACTIVE_COMPILATION_CONDITIONS = DEBUG;
				SWIFT_OPTIMIZATION_LEVEL = "-Onone";
			};
			name = Debug;
		};
		5653707323C8F11B00466201 /* Release */ = {
			isa = XCBuildConfiguration;
			buildSettings = {
				ALWAYS_SEARCH_USER_PATHS = NO;
				CLANG_ANALYZER_NONNULL = YES;
				CLANG_ANALYZER_NUMBER_OBJECT_CONVERSION = YES_AGGRESSIVE;
				CLANG_CXX_LANGUAGE_STANDARD = "gnu++14";
				CLANG_CXX_LIBRARY = "libc++";
				CLANG_ENABLE_MODULES = YES;
				CLANG_ENABLE_OBJC_ARC = YES;
				CLANG_ENABLE_OBJC_WEAK = YES;
				CLANG_WARN_BLOCK_CAPTURE_AUTORELEASING = YES;
				CLANG_WARN_BOOL_CONVERSION = YES;
				CLANG_WARN_COMMA = YES;
				CLANG_WARN_CONSTANT_CONVERSION = YES;
				CLANG_WARN_DEPRECATED_OBJC_IMPLEMENTATIONS = YES;
				CLANG_WARN_DIRECT_OBJC_ISA_USAGE = YES_ERROR;
				CLANG_WARN_DOCUMENTATION_COMMENTS = YES;
				CLANG_WARN_EMPTY_BODY = YES;
				CLANG_WARN_ENUM_CONVERSION = YES;
				CLANG_WARN_INFINITE_RECURSION = YES;
				CLANG_WARN_INT_CONVERSION = YES;
				CLANG_WARN_NON_LITERAL_NULL_CONVERSION = YES;
				CLANG_WARN_OBJC_IMPLICIT_RETAIN_SELF = YES;
				CLANG_WARN_OBJC_LITERAL_CONVERSION = YES;
				CLANG_WARN_OBJC_ROOT_CLASS = YES_ERROR;
				CLANG_WARN_RANGE_LOOP_ANALYSIS = YES;
				CLANG_WARN_STRICT_PROTOTYPES = YES;
				CLANG_WARN_SUSPICIOUS_MOVE = YES;
				CLANG_WARN_UNGUARDED_AVAILABILITY = YES_AGGRESSIVE;
				CLANG_WARN_UNREACHABLE_CODE = YES;
				CLANG_WARN__DUPLICATE_METHOD_MATCH = YES;
				CODE_SIGN_IDENTITY = "iPhone Developer";
				COPY_PHASE_STRIP = NO;
				DEBUG_INFORMATION_FORMAT = "dwarf-with-dsym";
				ENABLE_NS_ASSERTIONS = NO;
				ENABLE_STRICT_OBJC_MSGSEND = YES;
				GCC_C_LANGUAGE_STANDARD = gnu11;
				GCC_NO_COMMON_BLOCKS = YES;
				GCC_WARN_64_TO_32_BIT_CONVERSION = YES;
				GCC_WARN_ABOUT_RETURN_TYPE = YES_ERROR;
				GCC_WARN_UNDECLARED_SELECTOR = YES;
				GCC_WARN_UNINITIALIZED_AUTOS = YES_AGGRESSIVE;
				GCC_WARN_UNUSED_FUNCTION = YES;
				GCC_WARN_UNUSED_VARIABLE = YES;
				IPHONEOS_DEPLOYMENT_TARGET = 12.1;
				MTL_ENABLE_DEBUG_INFO = NO;
				MTL_FAST_MATH = YES;
				SDKROOT = iphoneos;
				SWIFT_COMPILATION_MODE = wholemodule;
				SWIFT_OPTIMIZATION_LEVEL = "-O";
				VALIDATE_PRODUCT = YES;
			};
			name = Release;
		};
		5653707523C8F11B00466201 /* Debug */ = {
			isa = XCBuildConfiguration;
			baseConfigurationReference = F794DC17654F6A9C8C2A10C2 /* Pods-Coredata Sample.debug.xcconfig */;
			buildSettings = {
				ASSETCATALOG_COMPILER_APPICON_NAME = AppIcon;
				CODE_SIGN_STYLE = Automatic;
				INFOPLIST_FILE = "Coredata Sample/Info.plist";
				LD_RUNPATH_SEARCH_PATHS = (
					"$(inherited)",
					"@executable_path/Frameworks",
				);
				PRODUCT_BUNDLE_IDENTIFIER = "gowri.Coredata-Sample";
				PRODUCT_NAME = "$(TARGET_NAME)";
				SWIFT_VERSION = 4.2;
				TARGETED_DEVICE_FAMILY = "1,2";
			};
			name = Debug;
		};
		5653707623C8F11B00466201 /* Release */ = {
			isa = XCBuildConfiguration;
			baseConfigurationReference = B4139EDEF9FC5D4DB59C8CE3 /* Pods-Coredata Sample.release.xcconfig */;
			buildSettings = {
				ASSETCATALOG_COMPILER_APPICON_NAME = AppIcon;
				CODE_SIGN_STYLE = Automatic;
				INFOPLIST_FILE = "Coredata Sample/Info.plist";
				LD_RUNPATH_SEARCH_PATHS = (
					"$(inherited)",
					"@executable_path/Frameworks",
				);
				PRODUCT_BUNDLE_IDENTIFIER = "gowri.Coredata-Sample";
				PRODUCT_NAME = "$(TARGET_NAME)";
				SWIFT_VERSION = 4.2;
				TARGETED_DEVICE_FAMILY = "1,2";
			};
			name = Release;
		};
		5653707823C8F11B00466201 /* Debug */ = {
			isa = XCBuildConfiguration;
			baseConfigurationReference = 01FE49109DF88B2776A3C749 /* Pods-Coredata SampleTests.debug.xcconfig */;
			buildSettings = {
				ALWAYS_EMBED_SWIFT_STANDARD_LIBRARIES = YES;
				BUNDLE_LOADER = "$(TEST_HOST)";
				CODE_SIGN_STYLE = Automatic;
				INFOPLIST_FILE = "Coredata SampleTests/Info.plist";
				LD_RUNPATH_SEARCH_PATHS = (
					"$(inherited)",
					"@executable_path/Frameworks",
					"@loader_path/Frameworks",
				);
				PRODUCT_BUNDLE_IDENTIFIER = "gowri.Coredata-SampleTests";
				PRODUCT_NAME = "$(TARGET_NAME)";
				SWIFT_VERSION = 4.2;
				TARGETED_DEVICE_FAMILY = "1,2";
				TEST_HOST = "$(BUILT_PRODUCTS_DIR)/Coredata Sample.app/Coredata Sample";
			};
			name = Debug;
		};
		5653707923C8F11B00466201 /* Release */ = {
			isa = XCBuildConfiguration;
			baseConfigurationReference = 29533917634B70E53A313305 /* Pods-Coredata SampleTests.release.xcconfig */;
			buildSettings = {
				ALWAYS_EMBED_SWIFT_STANDARD_LIBRARIES = YES;
				BUNDLE_LOADER = "$(TEST_HOST)";
				CODE_SIGN_STYLE = Automatic;
				INFOPLIST_FILE = "Coredata SampleTests/Info.plist";
				LD_RUNPATH_SEARCH_PATHS = (
					"$(inherited)",
					"@executable_path/Frameworks",
					"@loader_path/Frameworks",
				);
				PRODUCT_BUNDLE_IDENTIFIER = "gowri.Coredata-SampleTests";
				PRODUCT_NAME = "$(TARGET_NAME)";
				SWIFT_VERSION = 4.2;
				TARGETED_DEVICE_FAMILY = "1,2";
				TEST_HOST = "$(BUILT_PRODUCTS_DIR)/Coredata Sample.app/Coredata Sample";
			};
			name = Release;
		};
		5653707B23C8F11B00466201 /* Debug */ = {
			isa = XCBuildConfiguration;
			baseConfigurationReference = 96A84B8A30602F0BA056176B /* Pods-Coredata Sample-Coredata SampleUITests.debug.xcconfig */;
			buildSettings = {
				ALWAYS_EMBED_SWIFT_STANDARD_LIBRARIES = YES;
				CODE_SIGN_STYLE = Automatic;
				INFOPLIST_FILE = "Coredata SampleUITests/Info.plist";
				LD_RUNPATH_SEARCH_PATHS = (
					"$(inherited)",
					"@executable_path/Frameworks",
					"@loader_path/Frameworks",
				);
				PRODUCT_BUNDLE_IDENTIFIER = "gowri.Coredata-SampleUITests";
				PRODUCT_NAME = "$(TARGET_NAME)";
				SWIFT_VERSION = 4.2;
				TARGETED_DEVICE_FAMILY = "1,2";
				TEST_TARGET_NAME = "Coredata Sample";
			};
			name = Debug;
		};
		5653707C23C8F11B00466201 /* Release */ = {
			isa = XCBuildConfiguration;
			baseConfigurationReference = FC992EC974CC9AE2E8BD5695 /* Pods-Coredata Sample-Coredata SampleUITests.release.xcconfig */;
			buildSettings = {
				ALWAYS_EMBED_SWIFT_STANDARD_LIBRARIES = YES;
				CODE_SIGN_STYLE = Automatic;
				INFOPLIST_FILE = "Coredata SampleUITests/Info.plist";
				LD_RUNPATH_SEARCH_PATHS = (
					"$(inherited)",
					"@executable_path/Frameworks",
					"@loader_path/Frameworks",
				);
				PRODUCT_BUNDLE_IDENTIFIER = "gowri.Coredata-SampleUITests";
				PRODUCT_NAME = "$(TARGET_NAME)";
				SWIFT_VERSION = 4.2;
				TARGETED_DEVICE_FAMILY = "1,2";
				TEST_TARGET_NAME = "Coredata Sample";
			};
			name = Release;
		};
/* End XCBuildConfiguration section */

/* Begin XCConfigurationList section */
		5653704423C8F11900466201 /* Build configuration list for PBXProject "Coredata Sample" */ = {
			isa = XCConfigurationList;
			buildConfigurations = (
				5653707223C8F11B00466201 /* Debug */,
				5653707323C8F11B00466201 /* Release */,
			);
			defaultConfigurationIsVisible = 0;
			defaultConfigurationName = Release;
		};
		5653707423C8F11B00466201 /* Build configuration list for PBXNativeTarget "Coredata Sample" */ = {
			isa = XCConfigurationList;
			buildConfigurations = (
				5653707523C8F11B00466201 /* Debug */,
				5653707623C8F11B00466201 /* Release */,
			);
			defaultConfigurationIsVisible = 0;
			defaultConfigurationName = Release;
		};
		5653707723C8F11B00466201 /* Build configuration list for PBXNativeTarget "Coredata SampleTests" */ = {
			isa = XCConfigurationList;
			buildConfigurations = (
				5653707823C8F11B00466201 /* Debug */,
				5653707923C8F11B00466201 /* Release */,
			);
			defaultConfigurationIsVisible = 0;
			defaultConfigurationName = Release;
		};
		5653707A23C8F11B00466201 /* Build configuration list for PBXNativeTarget "Coredata SampleUITests" */ = {
			isa = XCConfigurationList;
			buildConfigurations = (
				5653707B23C8F11B00466201 /* Debug */,
				5653707C23C8F11B00466201 /* Release */,
			);
			defaultConfigurationIsVisible = 0;
			defaultConfigurationName = Release;
		};
/* End XCConfigurationList section */

/* Begin XCVersionGroup section */
		5653705323C8F11900466201 /* Coredata_Sample.xcdatamodeld */ = {
			isa = XCVersionGroup;
			children = (
				5653705423C8F11900466201 /* Coredata_Sample.xcdatamodel */,
			);
			currentVersion = 5653705423C8F11900466201 /* Coredata_Sample.xcdatamodel */;
			path = Coredata_Sample.xcdatamodeld;
			sourceTree = "<group>";
			versionGroupType = wrapper.xcdatamodel;
		};
/* End XCVersionGroup section */
	};
	rootObject = 5653704123C8F11900466201 /* Project object */;
}
